
Microsoft Visual Studio Solution File, Format Version 12.00
# Visual Studio Version 16
VisualStudioVersion = 16.0.30114.105
MinimumVisualStudioVersion = 10.0.40219.1
Project("{9A19103F-16F7-4668-BE54-9A1E7A4F7556}") = "PerformanceLogger", "PerformanceLogger\PerformanceLogger.csproj", "{9CCB8C31-52DD-40CB-8E47-55D6A591E9F0}"
EndProject
Project("{9A19103F-16F7-4668-BE54-9A1E7A4F7556}") = "Tests", "Tests\Tests.csproj", "{B82E77DE-2799-44CD-920F-A003B4BB7726}"
EndProject
Global
	GlobalSection(SolutionConfigurationPlatforms) = preSolution
		Debug|Any CPU = Debug|Any CPU
		Debug|x64 = Debug|x64
		Debug|x86 = Debug|x86
		Release|Any CPU = Release|Any CPU
		Release|x64 = Release|x64
		Release|x86 = Release|x86
	EndGlobalSection
	GlobalSection(ProjectConfigurationPlatforms) = postSolution
		{9CCB8C31-52DD-40CB-8E47-55D6A591E9F0}.Debug|Any CPU.ActiveCfg = Debug|Any CPU
		{9CCB8C31-52DD-40CB-8E47-55D6A591E9F0}.Debug|Any CPU.Build.0 = Debug|Any CPU
		{9CCB8C31-52DD-40CB-8E47-55D6A591E9F0}.Debug|x64.ActiveCfg = Debug|Any CPU
		{9CCB8C31-52DD-40CB-8E47-55D6A591E9F0}.Debug|x64.Build.0 = Debug|Any CPU
		{9CCB8C31-52DD-40CB-8E47-55D6A591E9F0}.Debug|x86.ActiveCfg = Debug|Any CPU
		{9CCB8C31-52DD-40CB-8E47-55D6A591E9F0}.Debug|x86.Build.0 = Debug|Any CPU
		{9CCB8C31-52DD-40CB-8E47-55D6A591E9F0}.Release|Any CPU.ActiveCfg = Release|Any CPU
		{9CCB8C31-52DD-40CB-8E47-55D6A591E9F0}.Release|Any CPU.Build.0 = Release|Any CPU
		{9CCB8C31-52DD-40CB-8E47-55D6A591E9F0}.Release|x64.ActiveCfg = Release|Any CPU
		{9CCB8C31-52DD-40CB-8E47-55D6A591E9F0}.Release|x64.Build.0 = Release|Any CPU
		{9CCB8C31-52DD-40CB-8E47-55D6A591E9F0}.Release|x86.ActiveCfg = Release|Any CPU
		{9CCB8C31-52DD-40CB-8E47-55D6A591E9F0}.Release|x86.Build.0 = Release|Any CPU
		{B82E77DE-2799-44CD-920F-A003B4BB7726}.Debug|Any CPU.ActiveCfg = Debug|Any CPU
		{B82E77DE-2799-44CD-920F-A003B4BB7726}.Debug|Any CPU.Build.0 = Debug|Any CPU
		{B82E77DE-2799-44CD-920F-A003B4BB7726}.Debug|x64.ActiveCfg = Debug|Any CPU
		{B82E77DE-2799-44CD-920F-A003B4BB7726}.Debug|x64.Build.0 = Debug|Any CPU
		{B82E77DE-2799-44CD-920F-A003B4BB7726}.Debug|x86.ActiveCfg = Debug|Any CPU
		{B82E77DE-2799-44CD-920F-A003B4BB7726}.Debug|x86.Build.0 = Debug|Any CPU
		{B82E77DE-2799-44CD-920F-A003B4BB7726}.Release|Any CPU.ActiveCfg = Release|Any CPU
		{B82E77DE-2799-44CD-920F-A003B4BB7726}.Release|Any CPU.Build.0 = Release|Any CPU
		{B82E77DE-2799-44CD-920F-A003B4BB7726}.Release|x64.ActiveCfg = Release|Any CPU
		{B82E77DE-2799-44CD-920F-A003B4BB7726}.Release|x64.Build.0 = Release|Any CPU
		{B82E77DE-2799-44CD-920F-A003B4BB7726}.Release|x86.ActiveCfg = Release|Any CPU
		{B82E77DE-2799-44CD-920F-A003B4BB7726}.Release|x86.Build.0 = Release|Any CPU
	EndGlobalSection
	GlobalSection(SolutionProperties) = preSolution
		HideSolutionNode = FALSE
	EndGlobalSection
	GlobalSection(ExtensibilityGlobals) = postSolution
		SolutionGuid = {C688DEEB-359A-4732-A554-76F51E35E264}
	EndGlobalSection
EndGlobal
